
Microsoft Visual Studio Solution File, Format Version 12.00
# Visual Studio Version 17
VisualStudioVersion = 17.5.33516.290
MinimumVisualStudioVersion = 10.0.40219.1
Project("{FAE04EC0-301F-11D3-BF4B-00C04F79EFBC}") = "BlueLockProject", "BlueLockProject\BlueLockProject.csproj", "{15B62228-BE3C-42CA-8407-9FD728164697}"
EndProject
Global
	GlobalSection(SolutionConfigurationPlatforms) = preSolution
		Debug|Any CPU = Debug|Any CPU
		Release|Any CPU = Release|Any CPU
	EndGlobalSection
	GlobalSection(ProjectConfigurationPlatforms) = postSolution
		{15B62228-BE3C-42CA-8407-9FD728164697}.Debug|Any CPU.ActiveCfg = Debug|Any CPU
		{15B62228-BE3C-42CA-8407-9FD728164697}.Debug|Any CPU.Build.0 = Debug|Any CPU
		{15B62228-BE3C-42CA-8407-9FD728164697}.Release|Any CPU.ActiveCfg = Release|Any CPU
		{15B62228-BE3C-42CA-8407-9FD728164697}.Release|Any CPU.Build.0 = Release|Any CPU
	EndGlobalSection
	GlobalSection(SolutionProperties) = preSolution
		HideSolutionNode = FALSE
	EndGlobalSection
	GlobalSection(ExtensibilityGlobals) = postSolution
		SolutionGuid = {CD67D3B6-7F0F-4A2B-9469-591C7FFF865B}
	EndGlobalSection
EndGlobal
